// !$*UTF8*$!
{
	archiveVersion = 1;
	classes = {
	};
	objectVersion = 46;
	objects = {

/* Begin PBXBuildFile section */
		0C0B87371C15CAC200640CE8 /* lz77.cpp in Sources */ = {isa = PBXBuildFile; fileRef = 0C0B87351C15CAC200640CE8 /* lz77.cpp */; };
		0CD89DA71C15CB5C00A09BCC /* huffman.cpp in Sources */ = {isa = PBXBuildFile; fileRef = 0CD89DA61C15CB5C00A09BCC /* huffman.cpp */; };
/* End PBXBuildFile section */

/* Begin PBXCopyFilesBuildPhase section */
		0C8A220A1BD5F1DA00FC00D7 /* CopyFiles */ = {
			isa = PBXCopyFilesBuildPhase;
			buildActionMask = 2147483647;
			dstPath = /usr/share/man/man1/;
			dstSubfolderSpec = 0;
			files = (
			);
			runOnlyForDeploymentPostprocessing = 1;
		};
/* End PBXCopyFilesBuildPhase section */

/* Begin PBXFileReference section */
		0C0B87341C15CAC200640CE8 /* huff.py */ = {isa = PBXFileReference; fileEncoding = 4; lastKnownFileType = text.script.python; path = huff.py; sourceTree = "<group>"; };
		0C0B87351C15CAC200640CE8 /* lz77.cpp */ = {isa = PBXFileReference; fileEncoding = 4; lastKnownFileType = sourcecode.cpp.cpp; path = lz77.cpp; sourceTree = "<group>"; };
		0C0B87361C15CAC200640CE8 /* lz77.py */ = {isa = PBXFileReference; fileEncoding = 4; lastKnownFileType = text.script.python; path = lz77.py; sourceTree = "<group>"; };
		0C8A220C1BD5F1DA00FC00D7 /* PCC */ = {isa = PBXFileReference; explicitFileType = "compiled.mach-o.executable"; includeInIndex = 0; path = PCC; sourceTree = BUILT_PRODUCTS_DIR; };
		0CD89DA61C15CB5C00A09BCC /* huffman.cpp */ = {isa = PBXFileReference; fileEncoding = 4; lastKnownFileType = sourcecode.cpp.cpp; path = huffman.cpp; sourceTree = "<group>"; };
/* End PBXFileReference section */

/* Begin PBXFrameworksBuildPhase section */
		0C8A22091BD5F1DA00FC00D7 /* Frameworks */ = {
			isa = PBXFrameworksBuildPhase;
			buildActionMask = 2147483647;
			files = (
			);
			runOnlyForDeploymentPostprocessing = 0;
		};
/* End PBXFrameworksBuildPhase section */

/* Begin PBXGroup section */
		0C0B87331C15CAC200640CE8 /* PCC2 */ = {
			isa = PBXGroup;
			children = (
				0C0B87341C15CAC200640CE8 /* huff.py */,
				0C0B87351C15CAC200640CE8 /* lz77.cpp */,
				0CD89DA61C15CB5C00A09BCC /* huffman.cpp */,
				0C0B87361C15CAC200640CE8 /* lz77.py */,
			);
			path = PCC2;
			sourceTree = "<group>";
		};
		0C8A22031BD5F1DA00FC00D7 = {
			isa = PBXGroup;
			children = (
				0C0B87331C15CAC200640CE8 /* PCC2 */,
				0C8A220D1BD5F1DA00FC00D7 /* Products */,
			);
			sourceTree = "<group>";
		};
		0C8A220D1BD5F1DA00FC00D7 /* Products */ = {
			isa = PBXGroup;
			children = (
				0C8A220C1BD5F1DA00FC00D7 /* PCC */,
			);
			name = Products;
			sourceTree = "<group>";
		};
/* End PBXGroup section */

/* Begin PBXNativeTarget section */
		0C8A220B1BD5F1DA00FC00D7 /* PCC */ = {
			isa = PBXNativeTarget;
			buildConfigurationList = 0C8A22131BD5F1DA00FC00D7 /* Build configuration list for PBXNativeTarget "PCC" */;
			buildPhases = (
				0C8A22081BD5F1DA00FC00D7 /* Sources */,
				0C8A22091BD5F1DA00FC00D7 /* Frameworks */,
				0C8A220A1BD5F1DA00FC00D7 /* CopyFiles */,
			);
			buildRules = (
			);
			dependencies = (
			);
			name = PCC;
			productName = PCC;
			productReference = 0C8A220C1BD5F1DA00FC00D7 /* PCC */;
			productType = "com.apple.product-type.tool";
		};
/* End PBXNativeTarget section */

/* Begin PBXProject section */
		0C8A22041BD5F1DA00FC00D7 /* Project object */ = {
			isa = PBXProject;
			attributes = {
				LastUpgradeCheck = 0620;
				ORGANIZATIONNAME = "Rubens Lopes de Farias Silva";
				TargetAttributes = {
					0C8A220B1BD5F1DA00FC00D7 = {
						CreatedOnToolsVersion = 6.2;
					};
				};
			};
			buildConfigurationList = 0C8A22071BD5F1DA00FC00D7 /* Build configuration list for PBXProject "PCC" */;
			compatibilityVersion = "Xcode 3.2";
			developmentRegion = English;
			hasScannedForEncodings = 0;
			knownRegions = (
				en,
			);
			mainGroup = 0C8A22031BD5F1DA00FC00D7;
			productRefGroup = 0C8A220D1BD5F1DA00FC00D7 /* Products */;
			projectDirPath = "";
			projectRoot = "";
			targets = (
				0C8A220B1BD5F1DA00FC00D7 /* PCC */,
			);
		};
/* End PBXProject section */

/* Begin PBXSourcesBuildPhase section */
		0C8A22081BD5F1DA00FC00D7 /* Sources */ = {
			isa = PBXSourcesBuildPhase;
			buildActionMask = 2147483647;
			files = (
				0CD89DA71C15CB5C00A09BCC /* huffman.cpp in Sources */,
				0C0B87371C15CAC200640CE8 /* lz77.cpp in Sources */,
			);
			runOnlyForDeploymentPostprocessing = 0;
		};
/* End PBXSourcesBuildPhase section */

/* Begin XCBuildConfiguration section */
		0C8A22111BD5F1DA00FC00D7 /* Debug */ = {
			isa = XCBuildConfiguration;
			buildSettings = {
				ALWAYS_SEARCH_USER_PATHS = NO;
				CLANG_CXX_LANGUAGE_STANDARD = "gnu++0x";
				CLANG_CXX_LIBRARY = "libc++";
				CLANG_ENABLE_MODULES = YES;
				CLANG_ENABLE_OBJC_ARC = YES;
				CLANG_WARN_BOOL_CONVERSION = YES;
				CLANG_WARN_CONSTANT_CONVERSION = YES;
				CLANG_WARN_DIRECT_OBJC_ISA_USAGE = YES_ERROR;
				CLANG_WARN_EMPTY_BODY = YES;
				CLANG_WARN_ENUM_CONVERSION = YES;
				CLANG_WARN_INT_CONVERSION = YES;
				CLANG_WARN_OBJC_ROOT_CLASS = YES_ERROR;
				CLANG_WARN_UNREACHABLE_CODE = YES;
				CLANG_WARN__DUPLICATE_METHOD_MATCH = YES;
				COPY_PHASE_STRIP = NO;
				ENABLE_STRICT_OBJC_MSGSEND = YES;
				GCC_C_LANGUAGE_STANDARD = gnu99;
				GCC_DYNAMIC_NO_PIC = NO;
				GCC_OPTIMIZATION_LEVEL = 0;
				GCC_PREPROCESSOR_DEFINITIONS = (
					"DEBUG=1",
					"$(inherited)",
				);
				GCC_SYMBOLS_PRIVATE_EXTERN = NO;
				GCC_WARN_64_TO_32_BIT_CONVERSION = YES;
				GCC_WARN_ABOUT_RETURN_TYPE = YES_ERROR;
				GCC_WARN_UNDECLARED_SELECTOR = YES;
				GCC_WARN_UNINITIALIZED_AUTOS = YES_AGGRESSIVE;
				GCC_WARN_UNUSED_FUNCTION = YES;
				GCC_WARN_UNUSED_VARIABLE = YES;
				MACOSX_DEPLOYMENT_TARGET = 10.11;
				MTL_ENABLE_DEBUG_INFO = YES;
				ONLY_ACTIVE_ARCH = YES;
				SDKROOT = macosx;
			};
			name = Debug;
		};
		0C8A22121BD5F1DA00FC00D7 /* Release */ = {
			isa = XCBuildConfiguration;
			buildSettings = {
				ALWAYS_SEARCH_USER_PATHS = NO;
				CLANG_CXX_LANGUAGE_STANDARD = "gnu++0x";
				CLANG_CXX_LIBRARY = "libc++";
				CLANG_ENABLE_MODULES = YES;
				CLANG_ENABLE_OBJC_ARC = YES;
				CLANG_WARN_BOOL_CONVERSION = YES;
				CLANG_WARN_CONSTANT_CONVERSION = YES;
				CLANG_WARN_DIRECT_OBJC_ISA_USAGE = YES_ERROR;
				CLANG_WARN_EMPTY_BODY = YES;
				CLANG_WARN_ENUM_CONVERSION = YES;
				CLANG_WARN_INT_CONVERSION = YES;
				CLANG_WARN_OBJC_ROOT_CLASS = YES_ERROR;
				CLANG_WARN_UNREACHABLE_CODE = YES;
				CLANG_WARN__DUPLICATE_METHOD_MATCH = YES;
				COPY_PHASE_STRIP = NO;
				DEBUG_INFORMATION_FORMAT = "dwarf-with-dsym";
				ENABLE_NS_ASSERTIONS = NO;
				ENABLE_STRICT_OBJC_MSGSEND = YES;
				GCC_C_LANGUAGE_STANDARD = gnu99;
				GCC_WARN_64_TO_32_BIT_CONVERSION = YES;
				GCC_WARN_ABOUT_RETURN_TYPE = YES_ERROR;
				GCC_WARN_UNDECLARED_SELECTOR = YES;
				GCC_WARN_UNINITIALIZED_AUTOS = YES_AGGRESSIVE;
				GCC_WARN_UNUSED_FUNCTION = YES;
				GCC_WARN_UNUSED_VARIABLE = YES;
				MACOSX_DEPLOYMENT_TARGET = 10.11;
				MTL_ENABLE_DEBUG_INFO = NO;
				SDKROOT = macosx;
			};
			name = Release;
		};
		0C8A22141BD5F1DA00FC00D7 /* Debug */ = {
			isa = XCBuildConfiguration;
			buildSettings = {
				MACOSX_DEPLOYMENT_TARGET = 10.10;
				PRODUCT_NAME = "$(TARGET_NAME)";
			};
			name = Debug;
		};
		0C8A22151BD5F1DA00FC00D7 /* Release */ = {
			isa = XCBuildConfiguration;
			buildSettings = {
				MACOSX_DEPLOYMENT_TARGET = 10.10;
				PRODUCT_NAME = "$(TARGET_NAME)";
			};
			name = Release;
		};
/* End XCBuildConfiguration section */

/* Begin XCConfigurationList section */
		0C8A22071BD5F1DA00FC00D7 /* Build configuration list for PBXProject "PCC" */ = {
			isa = XCConfigurationList;
			buildConfigurations = (
				0C8A22111BD5F1DA00FC00D7 /* Debug */,
				0C8A22121BD5F1DA00FC00D7 /* Release */,
			);
			defaultConfigurationIsVisible = 0;
			defaultConfigurationName = Release;
		};
		0C8A22131BD5F1DA00FC00D7 /* Build configuration list for PBXNativeTarget "PCC" */ = {
			isa = XCConfigurationList;
			buildConfigurations = (
				0C8A22141BD5F1DA00FC00D7 /* Debug */,
				0C8A22151BD5F1DA00FC00D7 /* Release */,
			);
			defaultConfigurationIsVisible = 0;
			defaultConfigurationName = Release;
		};
/* End XCConfigurationList section */
	};
	rootObject = 0C8A22041BD5F1DA00FC00D7 /* Project object */;
}
